
Microsoft Visual Studio Solution File, Format Version 12.00
# Visual Studio 2013
VisualStudioVersion = 12.0.21005.1
MinimumVisualStudioVersion = 10.0.40219.1
Project("{FAE04EC0-301F-11D3-BF4B-00C04F79EFBC}") = "Wakatipu", "Wakatipu\Wakatipu.csproj", "{5ED43834-8DEE-4971-A7F9-D5FA1A32FA78}"
EndProject
Project("{FAE04EC0-301F-11D3-BF4B-00C04F79EFBC}") = "WebApp", "WebApp\WebApp.csproj", "{83B7CD02-ED65-4158-855D-1FD07D99C0A7}"
EndProject
Project("{FAE04EC0-301F-11D3-BF4B-00C04F79EFBC}") = "ACE", "ACE\ACE.csproj", "{AD4A3752-DA60-4DFA-BFE4-6973BB1398A7}"
EndProject
Project("{FAE04EC0-301F-11D3-BF4B-00C04F79EFBC}") = "TeacherWebApp", "TeacherWebApp\TeacherWebApp.csproj", "{294ED39E-CC44-4325-8633-48E70EA07065}"
EndProject
Project("{FAE04EC0-301F-11D3-BF4B-00C04F79EFBC}") = "UnitTestACE", "UnitTestACE\UnitTestACE.csproj", "{C27BCFBB-5DC0-4E19-A47A-6F72D7F74C2C}"
EndProject
Global
	GlobalSection(SolutionConfigurationPlatforms) = preSolution
		Debug|Any CPU = Debug|Any CPU
		Release|Any CPU = Release|Any CPU
	EndGlobalSection
	GlobalSection(ProjectConfigurationPlatforms) = postSolution
		{5ED43834-8DEE-4971-A7F9-D5FA1A32FA78}.Debug|Any CPU.ActiveCfg = Debug|Any CPU
		{5ED43834-8DEE-4971-A7F9-D5FA1A32FA78}.Debug|Any CPU.Build.0 = Debug|Any CPU
		{5ED43834-8DEE-4971-A7F9-D5FA1A32FA78}.Release|Any CPU.ActiveCfg = Release|Any CPU
		{5ED43834-8DEE-4971-A7F9-D5FA1A32FA78}.Release|Any CPU.Build.0 = Release|Any CPU
		{83B7CD02-ED65-4158-855D-1FD07D99C0A7}.Debug|Any CPU.ActiveCfg = Debug|Any CPU
		{83B7CD02-ED65-4158-855D-1FD07D99C0A7}.Debug|Any CPU.Build.0 = Debug|Any CPU
		{83B7CD02-ED65-4158-855D-1FD07D99C0A7}.Release|Any CPU.ActiveCfg = Release|Any CPU
		{83B7CD02-ED65-4158-855D-1FD07D99C0A7}.Release|Any CPU.Build.0 = Release|Any CPU
		{AD4A3752-DA60-4DFA-BFE4-6973BB1398A7}.Debug|Any CPU.ActiveCfg = Debug|Any CPU
		{AD4A3752-DA60-4DFA-BFE4-6973BB1398A7}.Debug|Any CPU.Build.0 = Debug|Any CPU
		{AD4A3752-DA60-4DFA-BFE4-6973BB1398A7}.Release|Any CPU.ActiveCfg = Release|Any CPU
		{AD4A3752-DA60-4DFA-BFE4-6973BB1398A7}.Release|Any CPU.Build.0 = Release|Any CPU
		{294ED39E-CC44-4325-8633-48E70EA07065}.Debug|Any CPU.ActiveCfg = Debug|Any CPU
		{294ED39E-CC44-4325-8633-48E70EA07065}.Debug|Any CPU.Build.0 = Debug|Any CPU
		{294ED39E-CC44-4325-8633-48E70EA07065}.Release|Any CPU.ActiveCfg = Release|Any CPU
		{294ED39E-CC44-4325-8633-48E70EA07065}.Release|Any CPU.Build.0 = Release|Any CPU
		{C27BCFBB-5DC0-4E19-A47A-6F72D7F74C2C}.Debug|Any CPU.ActiveCfg = Debug|Any CPU
		{C27BCFBB-5DC0-4E19-A47A-6F72D7F74C2C}.Debug|Any CPU.Build.0 = Debug|Any CPU
		{C27BCFBB-5DC0-4E19-A47A-6F72D7F74C2C}.Release|Any CPU.ActiveCfg = Release|Any CPU
		{C27BCFBB-5DC0-4E19-A47A-6F72D7F74C2C}.Release|Any CPU.Build.0 = Release|Any CPU
	EndGlobalSection
	GlobalSection(SolutionProperties) = preSolution
		HideSolutionNode = FALSE
	EndGlobalSection
EndGlobal
